// !$*UTF8*$!
{
	archiveVersion = 1;
	classes = {
	};
	objectVersion = 46;
	objects = {

/* Begin PBXBuildFile section */
		8108422A1D6F54F0000F7545 /* growTests.m in Sources */ = {isa = PBXBuildFile; fileRef = 810842291D6F54F0000F7545 /* growTests.m */; };
		810842351D6F54F0000F7545 /* growUITests.m in Sources */ = {isa = PBXBuildFile; fileRef = 810842341D6F54F0000F7545 /* growUITests.m */; };
		8135B28E1D7D5AA800E08FC6 /* PDEssenceViewController.m in Sources */ = {isa = PBXBuildFile; fileRef = 8135B2841D7D5AA800E08FC6 /* PDEssenceViewController.m */; };
		8135B28F1D7D5AA800E08FC6 /* PDFriendTrendsViewController.m in Sources */ = {isa = PBXBuildFile; fileRef = 8135B2871D7D5AA800E08FC6 /* PDFriendTrendsViewController.m */; };
		8135B2901D7D5AA800E08FC6 /* PDMeViewController.m in Sources */ = {isa = PBXBuildFile; fileRef = 8135B28A1D7D5AA800E08FC6 /* PDMeViewController.m */; };
		8135B2911D7D5AA800E08FC6 /* PDNewViewController.m in Sources */ = {isa = PBXBuildFile; fileRef = 8135B28D1D7D5AA800E08FC6 /* PDNewViewController.m */; };
		8135B2941D7D5AE200E08FC6 /* PDNavigationViewController.m in Sources */ = {isa = PBXBuildFile; fileRef = 8135B2931D7D5AE200E08FC6 /* PDNavigationViewController.m */; };
		8135B2961D7DF3E900E08FC6 /* PDFriendTrendsViewController.xib in Resources */ = {isa = PBXBuildFile; fileRef = 8135B2951D7DF3E800E08FC6 /* PDFriendTrendsViewController.xib */; };
		815BC9CF1D7C7472006C4959 /* AppDelegate.m in Sources */ = {isa = PBXBuildFile; fileRef = 815BC9B81D7C7472006C4959 /* AppDelegate.m */; };
		815BC9D01D7C7472006C4959 /* Assets.xcassets in Resources */ = {isa = PBXBuildFile; fileRef = 815BC9B91D7C7472006C4959 /* Assets.xcassets */; };
		815BC9D11D7C7472006C4959 /* Info.plist in Resources */ = {isa = PBXBuildFile; fileRef = 815BC9BA1D7C7472006C4959 /* Info.plist */; };
		815BC9D21D7C7472006C4959 /* main.m in Sources */ = {isa = PBXBuildFile; fileRef = 815BC9BB1D7C7472006C4959 /* main.m */; };
		815BC9D31D7C7472006C4959 /* PDTabBarController.m in Sources */ = {isa = PBXBuildFile; fileRef = 815BC9BE1D7C7472006C4959 /* PDTabBarController.m */; };
		815BC9D81D7C7472006C4959 /* PDTabBar.m in Sources */ = {isa = PBXBuildFile; fileRef = 815BC9CE1D7C7472006C4959 /* PDTabBar.m */; };
		815BC9DF1D7C7523006C4959 /* UIBarButtonItem+PDExtension.m in Sources */ = {isa = PBXBuildFile; fileRef = 815BC9DE1D7C7523006C4959 /* UIBarButtonItem+PDExtension.m */; };
/* End PBXBuildFile section */

/* Begin PBXContainerItemProxy section */
		810842261D6F54F0000F7545 /* PBXContainerItemProxy */ = {
			isa = PBXContainerItemProxy;
			containerPortal = 810842041D6F54F0000F7545 /* Project object */;
			proxyType = 1;
			remoteGlobalIDString = 8108420B1D6F54F0000F7545;
			remoteInfo = grow;
		};
		810842311D6F54F0000F7545 /* PBXContainerItemProxy */ = {
			isa = PBXContainerItemProxy;
			containerPortal = 810842041D6F54F0000F7545 /* Project object */;
			proxyType = 1;
			remoteGlobalIDString = 8108420B1D6F54F0000F7545;
			remoteInfo = grow;
		};
/* End PBXContainerItemProxy section */

/* Begin PBXFileReference section */
		8108420C1D6F54F0000F7545 /* grow.app */ = {isa = PBXFileReference; explicitFileType = wrapper.application; includeInIndex = 0; path = grow.app; sourceTree = BUILT_PRODUCTS_DIR; };
		810842251D6F54F0000F7545 /* growTests.xctest */ = {isa = PBXFileReference; explicitFileType = wrapper.cfbundle; includeInIndex = 0; path = growTests.xctest; sourceTree = BUILT_PRODUCTS_DIR; };
		810842291D6F54F0000F7545 /* growTests.m */ = {isa = PBXFileReference; lastKnownFileType = sourcecode.c.objc; path = growTests.m; sourceTree = "<group>"; };
		8108422B1D6F54F0000F7545 /* Info.plist */ = {isa = PBXFileReference; lastKnownFileType = text.plist.xml; path = Info.plist; sourceTree = "<group>"; };
		810842301D6F54F0000F7545 /* growUITests.xctest */ = {isa = PBXFileReference; explicitFileType = wrapper.cfbundle; includeInIndex = 0; path = growUITests.xctest; sourceTree = BUILT_PRODUCTS_DIR; };
		810842341D6F54F0000F7545 /* growUITests.m */ = {isa = PBXFileReference; lastKnownFileType = sourcecode.c.objc; path = growUITests.m; sourceTree = "<group>"; };
		810842361D6F54F0000F7545 /* Info.plist */ = {isa = PBXFileReference; lastKnownFileType = text.plist.xml; path = Info.plist; sourceTree = "<group>"; };
		8135B2831D7D5AA800E08FC6 /* PDEssenceViewController.h */ = {isa = PBXFileReference; fileEncoding = 4; lastKnownFileType = sourcecode.c.h; path = PDEssenceViewController.h; sourceTree = "<group>"; };
		8135B2841D7D5AA800E08FC6 /* PDEssenceViewController.m */ = {isa = PBXFileReference; fileEncoding = 4; lastKnownFileType = sourcecode.c.objc; path = PDEssenceViewController.m; sourceTree = "<group>"; };
		8135B2861D7D5AA800E08FC6 /* PDFriendTrendsViewController.h */ = {isa = PBXFileReference; fileEncoding = 4; lastKnownFileType = sourcecode.c.h; path = PDFriendTrendsViewController.h; sourceTree = "<group>"; };
		8135B2871D7D5AA800E08FC6 /* PDFriendTrendsViewController.m */ = {isa = PBXFileReference; fileEncoding = 4; lastKnownFileType = sourcecode.c.objc; path = PDFriendTrendsViewController.m; sourceTree = "<group>"; };
		8135B2891D7D5AA800E08FC6 /* PDMeViewController.h */ = {isa = PBXFileReference; fileEncoding = 4; lastKnownFileType = sourcecode.c.h; path = PDMeViewController.h; sourceTree = "<group>"; };
		8135B28A1D7D5AA800E08FC6 /* PDMeViewController.m */ = {isa = PBXFileReference; fileEncoding = 4; lastKnownFileType = sourcecode.c.objc; path = PDMeViewController.m; sourceTree = "<group>"; };
		8135B28C1D7D5AA800E08FC6 /* PDNewViewController.h */ = {isa = PBXFileReference; fileEncoding = 4; lastKnownFileType = sourcecode.c.h; path = PDNewViewController.h; sourceTree = "<group>"; };
		8135B28D1D7D5AA800E08FC6 /* PDNewViewController.m */ = {isa = PBXFileReference; fileEncoding = 4; lastKnownFileType = sourcecode.c.objc; path = PDNewViewController.m; sourceTree = "<group>"; };
		8135B2921D7D5AE200E08FC6 /* PDNavigationViewController.h */ = {isa = PBXFileReference; fileEncoding = 4; lastKnownFileType = sourcecode.c.h; path = PDNavigationViewController.h; sourceTree = "<group>"; };
		8135B2931D7D5AE200E08FC6 /* PDNavigationViewController.m */ = {isa = PBXFileReference; fileEncoding = 4; lastKnownFileType = sourcecode.c.objc; path = PDNavigationViewController.m; sourceTree = "<group>"; };
		8135B2951D7DF3E800E08FC6 /* PDFriendTrendsViewController.xib */ = {isa = PBXFileReference; fileEncoding = 4; lastKnownFileType = file.xib; path = PDFriendTrendsViewController.xib; sourceTree = "<group>"; };
		815BC9B71D7C7472006C4959 /* AppDelegate.h */ = {isa = PBXFileReference; fileEncoding = 4; lastKnownFileType = sourcecode.c.h; path = AppDelegate.h; sourceTree = "<group>"; };
		815BC9B81D7C7472006C4959 /* AppDelegate.m */ = {isa = PBXFileReference; fileEncoding = 4; lastKnownFileType = sourcecode.c.objc; path = AppDelegate.m; sourceTree = "<group>"; };
		815BC9B91D7C7472006C4959 /* Assets.xcassets */ = {isa = PBXFileReference; lastKnownFileType = folder.assetcatalog; path = Assets.xcassets; sourceTree = "<group>"; };
		815BC9BA1D7C7472006C4959 /* Info.plist */ = {isa = PBXFileReference; fileEncoding = 4; lastKnownFileType = text.plist.xml; path = Info.plist; sourceTree = "<group>"; };
		815BC9BB1D7C7472006C4959 /* main.m */ = {isa = PBXFileReference; fileEncoding = 4; lastKnownFileType = sourcecode.c.objc; path = main.m; sourceTree = "<group>"; };
		815BC9BD1D7C7472006C4959 /* PDTabBarController.h */ = {isa = PBXFileReference; fileEncoding = 4; lastKnownFileType = sourcecode.c.h; path = PDTabBarController.h; sourceTree = "<group>"; };
		815BC9BE1D7C7472006C4959 /* PDTabBarController.m */ = {isa = PBXFileReference; fileEncoding = 4; lastKnownFileType = sourcecode.c.objc; path = PDTabBarController.m; sourceTree = "<group>"; };
		815BC9CD1D7C7472006C4959 /* PDTabBar.h */ = {isa = PBXFileReference; fileEncoding = 4; lastKnownFileType = sourcecode.c.h; path = PDTabBar.h; sourceTree = "<group>"; };
		815BC9CE1D7C7472006C4959 /* PDTabBar.m */ = {isa = PBXFileReference; fileEncoding = 4; lastKnownFileType = sourcecode.c.objc; path = PDTabBar.m; sourceTree = "<group>"; };
		815BC9DD1D7C7523006C4959 /* UIBarButtonItem+PDExtension.h */ = {isa = PBXFileReference; fileEncoding = 4; lastKnownFileType = sourcecode.c.h; path = "UIBarButtonItem+PDExtension.h"; sourceTree = "<group>"; };
		815BC9DE1D7C7523006C4959 /* UIBarButtonItem+PDExtension.m */ = {isa = PBXFileReference; fileEncoding = 4; lastKnownFileType = sourcecode.c.objc; path = "UIBarButtonItem+PDExtension.m"; sourceTree = "<group>"; };
/* End PBXFileReference section */

/* Begin PBXFrameworksBuildPhase section */
		810842091D6F54F0000F7545 /* Frameworks */ = {
			isa = PBXFrameworksBuildPhase;
			buildActionMask = 2147483647;
			files = (
			);
			runOnlyForDeploymentPostprocessing = 0;
		};
		810842221D6F54F0000F7545 /* Frameworks */ = {
			isa = PBXFrameworksBuildPhase;
			buildActionMask = 2147483647;
			files = (
			);
			runOnlyForDeploymentPostprocessing = 0;
		};
		8108422D1D6F54F0000F7545 /* Frameworks */ = {
			isa = PBXFrameworksBuildPhase;
			buildActionMask = 2147483647;
			files = (
			);
			runOnlyForDeploymentPostprocessing = 0;
		};
/* End PBXFrameworksBuildPhase section */

/* Begin PBXGroup section */
		810842031D6F54F0000F7545 = {
			isa = PBXGroup;
			children = (
				815BC9B41D7C7472006C4959 /* grow */,
				810842281D6F54F0000F7545 /* growTests */,
				810842331D6F54F0000F7545 /* growUITests */,
				8108420D1D6F54F0000F7545 /* Products */,
			);
			sourceTree = "<group>";
		};
		8108420D1D6F54F0000F7545 /* Products */ = {
			isa = PBXGroup;
			children = (
				8108420C1D6F54F0000F7545 /* grow.app */,
				810842251D6F54F0000F7545 /* growTests.xctest */,
				810842301D6F54F0000F7545 /* growUITests.xctest */,
			);
			name = Products;
			sourceTree = "<group>";
		};
		810842281D6F54F0000F7545 /* growTests */ = {
			isa = PBXGroup;
			children = (
				810842291D6F54F0000F7545 /* growTests.m */,
				8108422B1D6F54F0000F7545 /* Info.plist */,
			);
			path = growTests;
			sourceTree = "<group>";
		};
		810842331D6F54F0000F7545 /* growUITests */ = {
			isa = PBXGroup;
			children = (
				810842341D6F54F0000F7545 /* growUITests.m */,
				810842361D6F54F0000F7545 /* Info.plist */,
			);
			path = growUITests;
			sourceTree = "<group>";
		};
		8135B2811D7D5AA800E08FC6 /* Controllers */ = {
			isa = PBXGroup;
			children = (
				8135B2821D7D5AA800E08FC6 /* Essence-精华 */,
				8135B2851D7D5AA800E08FC6 /* FriendTrends - 关注 */,
				8135B2881D7D5AA800E08FC6 /* Me - 我的 */,
				8135B28B1D7D5AA800E08FC6 /* New - 新帖 */,
			);
			path = Controllers;
			sourceTree = "<group>";
		};
		8135B2821D7D5AA800E08FC6 /* Essence-精华 */ = {
			isa = PBXGroup;
			children = (
				8135B2831D7D5AA800E08FC6 /* PDEssenceViewController.h */,
				8135B2841D7D5AA800E08FC6 /* PDEssenceViewController.m */,
			);
			path = "Essence-精华";
			sourceTree = "<group>";
		};
		8135B2851D7D5AA800E08FC6 /* FriendTrends - 关注 */ = {
			isa = PBXGroup;
			children = (
				8135B2861D7D5AA800E08FC6 /* PDFriendTrendsViewController.h */,
				8135B2871D7D5AA800E08FC6 /* PDFriendTrendsViewController.m */,
				8135B2951D7DF3E800E08FC6 /* PDFriendTrendsViewController.xib */,
			);
			path = "FriendTrends - 关注";
			sourceTree = "<group>";
		};
		8135B2881D7D5AA800E08FC6 /* Me - 我的 */ = {
			isa = PBXGroup;
			children = (
				8135B2891D7D5AA800E08FC6 /* PDMeViewController.h */,
				8135B28A1D7D5AA800E08FC6 /* PDMeViewController.m */,
			);
			path = "Me - 我的";
			sourceTree = "<group>";
		};
		8135B28B1D7D5AA800E08FC6 /* New - 新帖 */ = {
			isa = PBXGroup;
			children = (
				8135B28C1D7D5AA800E08FC6 /* PDNewViewController.h */,
				8135B28D1D7D5AA800E08FC6 /* PDNewViewController.m */,
			);
			path = "New - 新帖";
			sourceTree = "<group>";
		};
		815BC9B41D7C7472006C4959 /* grow */ = {
			isa = PBXGroup;
			children = (
				815BC9CC1D7C7472006C4959 /* Views */,
				8135B2811D7D5AA800E08FC6 /* Controllers */,
				815BC9B51D7C7472006C4959 /* Category */,
				815BC9B61D7C7472006C4959 /* Others */,
			);
			path = grow;
			sourceTree = "<group>";
		};
		815BC9B51D7C7472006C4959 /* Category */ = {
			isa = PBXGroup;
			children = (
				815BC9DD1D7C7523006C4959 /* UIBarButtonItem+PDExtension.h */,
				815BC9DE1D7C7523006C4959 /* UIBarButtonItem+PDExtension.m */,
			);
			path = Category;
			sourceTree = "<group>";
		};
		815BC9B61D7C7472006C4959 /* Others */ = {
			isa = PBXGroup;
			children = (
				815BC9BC1D7C7472006C4959 /* ViewControllers */,
				815BC9B71D7C7472006C4959 /* AppDelegate.h */,
				815BC9B81D7C7472006C4959 /* AppDelegate.m */,
				815BC9B91D7C7472006C4959 /* Assets.xcassets */,
				815BC9BA1D7C7472006C4959 /* Info.plist */,
				815BC9BB1D7C7472006C4959 /* main.m */,
			);
			path = Others;
			sourceTree = "<group>";
		};
		815BC9BC1D7C7472006C4959 /* ViewControllers */ = {
			isa = PBXGroup;
			children = (
				815BC9BD1D7C7472006C4959 /* PDTabBarController.h */,
				815BC9BE1D7C7472006C4959 /* PDTabBarController.m */,
				8135B2921D7D5AE200E08FC6 /* PDNavigationViewController.h */,
				8135B2931D7D5AE200E08FC6 /* PDNavigationViewController.m */,
			);
			path = ViewControllers;
			sourceTree = "<group>";
		};
		815BC9CC1D7C7472006C4959 /* Views */ = {
			isa = PBXGroup;
			children = (
				815BC9CD1D7C7472006C4959 /* PDTabBar.h */,
				815BC9CE1D7C7472006C4959 /* PDTabBar.m */,
			);
			path = Views;
			sourceTree = "<group>";
		};
/* End PBXGroup section */

/* Begin PBXNativeTarget section */
		8108420B1D6F54F0000F7545 /* grow */ = {
			isa = PBXNativeTarget;
			buildConfigurationList = 810842391D6F54F0000F7545 /* Build configuration list for PBXNativeTarget "grow" */;
			buildPhases = (
				810842081D6F54F0000F7545 /* Sources */,
				810842091D6F54F0000F7545 /* Frameworks */,
				8108420A1D6F54F0000F7545 /* Resources */,
			);
			buildRules = (
			);
			dependencies = (
			);
			name = grow;
			productName = grow;
			productReference = 8108420C1D6F54F0000F7545 /* grow.app */;
			productType = "com.apple.product-type.application";
		};
		810842241D6F54F0000F7545 /* growTests */ = {
			isa = PBXNativeTarget;
			buildConfigurationList = 8108423C1D6F54F0000F7545 /* Build configuration list for PBXNativeTarget "growTests" */;
			buildPhases = (
				810842211D6F54F0000F7545 /* Sources */,
				810842221D6F54F0000F7545 /* Frameworks */,
				810842231D6F54F0000F7545 /* Resources */,
			);
			buildRules = (
			);
			dependencies = (
				810842271D6F54F0000F7545 /* PBXTargetDependency */,
			);
			name = growTests;
			productName = growTests;
			productReference = 810842251D6F54F0000F7545 /* growTests.xctest */;
			productType = "com.apple.product-type.bundle.unit-test";
		};
		8108422F1D6F54F0000F7545 /* growUITests */ = {
			isa = PBXNativeTarget;
			buildConfigurationList = 8108423F1D6F54F0000F7545 /* Build configuration list for PBXNativeTarget "growUITests" */;
			buildPhases = (
				8108422C1D6F54F0000F7545 /* Sources */,
				8108422D1D6F54F0000F7545 /* Frameworks */,
				8108422E1D6F54F0000F7545 /* Resources */,
			);
			buildRules = (
			);
			dependencies = (
				810842321D6F54F0000F7545 /* PBXTargetDependency */,
			);
			name = growUITests;
			productName = growUITests;
			productReference = 810842301D6F54F0000F7545 /* growUITests.xctest */;
			productType = "com.apple.product-type.bundle.ui-testing";
		};
/* End PBXNativeTarget section */

/* Begin PBXProject section */
		810842041D6F54F0000F7545 /* Project object */ = {
			isa = PBXProject;
			attributes = {
				CLASSPREFIX = PD;
				LastUpgradeCheck = 0730;
				ORGANIZATIONNAME = snow;
				TargetAttributes = {
					8108420B1D6F54F0000F7545 = {
						CreatedOnToolsVersion = 7.3.1;
						DevelopmentTeam = 6Q9L5UX4R6;
					};
					810842241D6F54F0000F7545 = {
						CreatedOnToolsVersion = 7.3.1;
						DevelopmentTeam = 6Q9L5UX4R6;
						TestTargetID = 8108420B1D6F54F0000F7545;
					};
					8108422F1D6F54F0000F7545 = {
						CreatedOnToolsVersion = 7.3.1;
						DevelopmentTeam = 6Q9L5UX4R6;
						TestTargetID = 8108420B1D6F54F0000F7545;
					};
				};
			};
			buildConfigurationList = 810842071D6F54F0000F7545 /* Build configuration list for PBXProject "grow" */;
			compatibilityVersion = "Xcode 3.2";
			developmentRegion = English;
			hasScannedForEncodings = 0;
			knownRegions = (
				en,
				Base,
			);
			mainGroup = 810842031D6F54F0000F7545;
			productRefGroup = 8108420D1D6F54F0000F7545 /* Products */;
			projectDirPath = "";
			projectRoot = "";
			targets = (
				8108420B1D6F54F0000F7545 /* grow */,
				810842241D6F54F0000F7545 /* growTests */,
				8108422F1D6F54F0000F7545 /* growUITests */,
			);
		};
/* End PBXProject section */

/* Begin PBXResourcesBuildPhase section */
		8108420A1D6F54F0000F7545 /* Resources */ = {
			isa = PBXResourcesBuildPhase;
			buildActionMask = 2147483647;
			files = (
				815BC9D11D7C7472006C4959 /* Info.plist in Resources */,
				815BC9D01D7C7472006C4959 /* Assets.xcassets in Resources */,
				8135B2961D7DF3E900E08FC6 /* PDFriendTrendsViewController.xib in Resources */,
			);
			runOnlyForDeploymentPostprocessing = 0;
		};
		810842231D6F54F0000F7545 /* Resources */ = {
			isa = PBXResourcesBuildPhase;
			buildActionMask = 2147483647;
			files = (
			);
			runOnlyForDeploymentPostprocessing = 0;
		};
		8108422E1D6F54F0000F7545 /* Resources */ = {
			isa = PBXResourcesBuildPhase;
			buildActionMask = 2147483647;
			files = (
			);
			runOnlyForDeploymentPostprocessing = 0;
		};
/* End PBXResourcesBuildPhase section */

/* Begin PBXSourcesBuildPhase section */
		810842081D6F54F0000F7545 /* Sources */ = {
			isa = PBXSourcesBuildPhase;
			buildActionMask = 2147483647;
			files = (
				815BC9D31D7C7472006C4959 /* PDTabBarController.m in Sources */,
				8135B28E1D7D5AA800E08FC6 /* PDEssenceViewController.m in Sources */,
				8135B2941D7D5AE200E08FC6 /* PDNavigationViewController.m in Sources */,
				8135B28F1D7D5AA800E08FC6 /* PDFriendTrendsViewController.m in Sources */,
				815BC9DF1D7C7523006C4959 /* UIBarButtonItem+PDExtension.m in Sources */,
				8135B2901D7D5AA800E08FC6 /* PDMeViewController.m in Sources */,
				815BC9D21D7C7472006C4959 /* main.m in Sources */,
				815BC9D81D7C7472006C4959 /* PDTabBar.m in Sources */,
				8135B2911D7D5AA800E08FC6 /* PDNewViewController.m in Sources */,
				815BC9CF1D7C7472006C4959 /* AppDelegate.m in Sources */,
			);
			runOnlyForDeploymentPostprocessing = 0;
		};
		810842211D6F54F0000F7545 /* Sources */ = {
			isa = PBXSourcesBuildPhase;
			buildActionMask = 2147483647;
			files = (
				8108422A1D6F54F0000F7545 /* growTests.m in Sources */,
			);
			runOnlyForDeploymentPostprocessing = 0;
		};
		8108422C1D6F54F0000F7545 /* Sources */ = {
			isa = PBXSourcesBuildPhase;
			buildActionMask = 2147483647;
			files = (
				810842351D6F54F0000F7545 /* growUITests.m in Sources */,
			);
			runOnlyForDeploymentPostprocessing = 0;
		};
/* End PBXSourcesBuildPhase section */

/* Begin PBXTargetDependency section */
		810842271D6F54F0000F7545 /* PBXTargetDependency */ = {
			isa = PBXTargetDependency;
			target = 8108420B1D6F54F0000F7545 /* grow */;
			targetProxy = 810842261D6F54F0000F7545 /* PBXContainerItemProxy */;
		};
		810842321D6F54F0000F7545 /* PBXTargetDependency */ = {
			isa = PBXTargetDependency;
			target = 8108420B1D6F54F0000F7545 /* grow */;
			targetProxy = 810842311D6F54F0000F7545 /* PBXContainerItemProxy */;
		};
/* End PBXTargetDependency section */

/* Begin XCBuildConfiguration section */
		810842371D6F54F0000F7545 /* Debug */ = {
			isa = XCBuildConfiguration;
			buildSettings = {
				ALWAYS_SEARCH_USER_PATHS = NO;
				CLANG_ANALYZER_NONNULL = YES;
				CLANG_CXX_LANGUAGE_STANDARD = "gnu++0x";
				CLANG_CXX_LIBRARY = "libc++";
				CLANG_ENABLE_MODULES = YES;
				CLANG_ENABLE_OBJC_ARC = YES;
				CLANG_WARN_BOOL_CONVERSION = YES;
				CLANG_WARN_CONSTANT_CONVERSION = YES;
				CLANG_WARN_DIRECT_OBJC_ISA_USAGE = YES_ERROR;
				CLANG_WARN_EMPTY_BODY = YES;
				CLANG_WARN_ENUM_CONVERSION = YES;
				CLANG_WARN_INT_CONVERSION = YES;
				CLANG_WARN_OBJC_ROOT_CLASS = YES_ERROR;
				CLANG_WARN_UNREACHABLE_CODE = YES;
				CLANG_WARN__DUPLICATE_METHOD_MATCH = YES;
				"CODE_SIGN_IDENTITY[sdk=iphoneos*]" = "iPhone Developer";
				COPY_PHASE_STRIP = NO;
				DEBUG_INFORMATION_FORMAT = dwarf;
				ENABLE_STRICT_OBJC_MSGSEND = YES;
				ENABLE_TESTABILITY = YES;
				GCC_C_LANGUAGE_STANDARD = gnu99;
				GCC_DYNAMIC_NO_PIC = NO;
				GCC_NO_COMMON_BLOCKS = YES;
				GCC_OPTIMIZATION_LEVEL = 0;
				GCC_PREPROCESSOR_DEFINITIONS = (
					"DEBUG=1",
					"$(inherited)",
				);
				GCC_WARN_64_TO_32_BIT_CONVERSION = YES;
				GCC_WARN_ABOUT_RETURN_TYPE = YES_ERROR;
				GCC_WARN_UNDECLARED_SELECTOR = YES;
				GCC_WARN_UNINITIALIZED_AUTOS = YES_AGGRESSIVE;
				GCC_WARN_UNUSED_FUNCTION = YES;
				GCC_WARN_UNUSED_VARIABLE = YES;
				IPHONEOS_DEPLOYMENT_TARGET = 9.3;
				MTL_ENABLE_DEBUG_INFO = YES;
				ONLY_ACTIVE_ARCH = YES;
				SDKROOT = iphoneos;
				TARGETED_DEVICE_FAMILY = "1,2";
			};
			name = Debug;
		};
		810842381D6F54F0000F7545 /* Release */ = {
			isa = XCBuildConfiguration;
			buildSettings = {
				ALWAYS_SEARCH_USER_PATHS = NO;
				CLANG_ANALYZER_NONNULL = YES;
				CLANG_CXX_LANGUAGE_STANDARD = "gnu++0x";
				CLANG_CXX_LIBRARY = "libc++";
				CLANG_ENABLE_MODULES = YES;
				CLANG_ENABLE_OBJC_ARC = YES;
				CLANG_WARN_BOOL_CONVERSION = YES;
				CLANG_WARN_CONSTANT_CONVERSION = YES;
				CLANG_WARN_DIRECT_OBJC_ISA_USAGE = YES_ERROR;
				CLANG_WARN_EMPTY_BODY = YES;
				CLANG_WARN_ENUM_CONVERSION = YES;
				CLANG_WARN_INT_CONVERSION = YES;
				CLANG_WARN_OBJC_ROOT_CLASS = YES_ERROR;
				CLANG_WARN_UNREACHABLE_CODE = YES;
				CLANG_WARN__DUPLICATE_METHOD_MATCH = YES;
				"CODE_SIGN_IDENTITY[sdk=iphoneos*]" = "iPhone Developer";
				COPY_PHASE_STRIP = NO;
				DEBUG_INFORMATION_FORMAT = "dwarf-with-dsym";
				ENABLE_NS_ASSERTIONS = NO;
				ENABLE_STRICT_OBJC_MSGSEND = YES;
				GCC_C_LANGUAGE_STANDARD = gnu99;
				GCC_NO_COMMON_BLOCKS = YES;
				GCC_WARN_64_TO_32_BIT_CONVERSION = YES;
				GCC_WARN_ABOUT_RETURN_TYPE = YES_ERROR;
				GCC_WARN_UNDECLARED_SELECTOR = YES;
				GCC_WARN_UNINITIALIZED_AUTOS = YES_AGGRESSIVE;
				GCC_WARN_UNUSED_FUNCTION = YES;
				GCC_WARN_UNUSED_VARIABLE = YES;
				IPHONEOS_DEPLOYMENT_TARGET = 9.3;
				MTL_ENABLE_DEBUG_INFO = NO;
				SDKROOT = iphoneos;
				TARGETED_DEVICE_FAMILY = "1,2";
				VALIDATE_PRODUCT = YES;
			};
			name = Release;
		};
		8108423A1D6F54F0000F7545 /* Debug */ = {
			isa = XCBuildConfiguration;
			buildSettings = {
				ASSETCATALOG_COMPILER_APPICON_NAME = AppIcon;
				ASSETCATALOG_COMPILER_LAUNCHIMAGE_NAME = LaunchImage;
				INFOPLIST_FILE = "$(SRCROOT)/grow/Others/Info.plist";
				LD_RUNPATH_SEARCH_PATHS = "$(inherited) @executable_path/Frameworks";
				PRODUCT_BUNDLE_IDENTIFIER = PD.grow;
				PRODUCT_NAME = "$(TARGET_NAME)";
			};
			name = Debug;
		};
		8108423B1D6F54F0000F7545 /* Release */ = {
			isa = XCBuildConfiguration;
			buildSettings = {
				ASSETCATALOG_COMPILER_APPICON_NAME = AppIcon;
				ASSETCATALOG_COMPILER_LAUNCHIMAGE_NAME = LaunchImage;
				INFOPLIST_FILE = "$(SRCROOT)/grow/Others/Info.plist";
				LD_RUNPATH_SEARCH_PATHS = "$(inherited) @executable_path/Frameworks";
				PRODUCT_BUNDLE_IDENTIFIER = PD.grow;
				PRODUCT_NAME = "$(TARGET_NAME)";
			};
			name = Release;
		};
		8108423D1D6F54F0000F7545 /* Debug */ = {
			isa = XCBuildConfiguration;
			buildSettings = {
				BUNDLE_LOADER = "$(TEST_HOST)";
				INFOPLIST_FILE = growTests/Info.plist;
				LD_RUNPATH_SEARCH_PATHS = "$(inherited) @executable_path/Frameworks @loader_path/Frameworks";
				PRODUCT_BUNDLE_IDENTIFIER = PD.growTests;
				PRODUCT_NAME = "$(TARGET_NAME)";
				TEST_HOST = "$(BUILT_PRODUCTS_DIR)/grow.app/grow";
			};
			name = Debug;
		};
		8108423E1D6F54F0000F7545 /* Release */ = {
			isa = XCBuildConfiguration;
			buildSettings = {
				BUNDLE_LOADER = "$(TEST_HOST)";
				INFOPLIST_FILE = growTests/Info.plist;
				LD_RUNPATH_SEARCH_PATHS = "$(inherited) @executable_path/Frameworks @loader_path/Frameworks";
				PRODUCT_BUNDLE_IDENTIFIER = PD.growTests;
				PRODUCT_NAME = "$(TARGET_NAME)";
				TEST_HOST = "$(BUILT_PRODUCTS_DIR)/grow.app/grow";
			};
			name = Release;
		};
		810842401D6F54F0000F7545 /* Debug */ = {
			isa = XCBuildConfiguration;
			buildSettings = {
				INFOPLIST_FILE = growUITests/Info.plist;
				LD_RUNPATH_SEARCH_PATHS = "$(inherited) @executable_path/Frameworks @loader_path/Frameworks";
				PRODUCT_BUNDLE_IDENTIFIER = PD.growUITests;
				PRODUCT_NAME = "$(TARGET_NAME)";
				TEST_TARGET_NAME = grow;
			};
			name = Debug;
		};
		810842411D6F54F0000F7545 /* Release */ = {
			isa = XCBuildConfiguration;
			buildSettings = {
				INFOPLIST_FILE = growUITests/Info.plist;
				LD_RUNPATH_SEARCH_PATHS = "$(inherited) @executable_path/Frameworks @loader_path/Frameworks";
				PRODUCT_BUNDLE_IDENTIFIER = PD.growUITests;
				PRODUCT_NAME = "$(TARGET_NAME)";
				TEST_TARGET_NAME = grow;
			};
			name = Release;
		};
/* End XCBuildConfiguration section */

/* Begin XCConfigurationList section */
		810842071D6F54F0000F7545 /* Build configuration list for PBXProject "grow" */ = {
			isa = XCConfigurationList;
			buildConfigurations = (
				810842371D6F54F0000F7545 /* Debug */,
				810842381D6F54F0000F7545 /* Release */,
			);
			defaultConfigurationIsVisible = 0;
			defaultConfigurationName = Release;
		};
		810842391D6F54F0000F7545 /* Build configuration list for PBXNativeTarget "grow" */ = {
			isa = XCConfigurationList;
			buildConfigurations = (
				8108423A1D6F54F0000F7545 /* Debug */,
				8108423B1D6F54F0000F7545 /* Release */,
			);
			defaultConfigurationIsVisible = 0;
			defaultConfigurationName = Release;
		};
		8108423C1D6F54F0000F7545 /* Build configuration list for PBXNativeTarget "growTests" */ = {
			isa = XCConfigurationList;
			buildConfigurations = (
				8108423D1D6F54F0000F7545 /* Debug */,
				8108423E1D6F54F0000F7545 /* Release */,
			);
			defaultConfigurationIsVisible = 0;
			defaultConfigurationName = Release;
		};
		8108423F1D6F54F0000F7545 /* Build configuration list for PBXNativeTarget "growUITests" */ = {
			isa = XCConfigurationList;
			buildConfigurations = (
				810842401D6F54F0000F7545 /* Debug */,
				810842411D6F54F0000F7545 /* Release */,
			);
			defaultConfigurationIsVisible = 0;
			defaultConfigurationName = Release;
		};
/* End XCConfigurationList section */
	};
	rootObject = 810842041D6F54F0000F7545 /* Project object */;
}
