// !$*UTF8*$!
{
	archiveVersion = 1;
	classes = {
	};
	objectVersion = 46;
	objects = {

/* Begin PBXBuildFile section */
		810842111D6F54F0000F7545 /* main.m in Sources */ = {isa = PBXBuildFile; fileRef = 810842101D6F54F0000F7545 /* main.m */; };
		810842141D6F54F0000F7545 /* AppDelegate.m in Sources */ = {isa = PBXBuildFile; fileRef = 810842131D6F54F0000F7545 /* AppDelegate.m */; };
		810842171D6F54F0000F7545 /* ViewController.m in Sources */ = {isa = PBXBuildFile; fileRef = 810842161D6F54F0000F7545 /* ViewController.m */; };
		8108421C1D6F54F0000F7545 /* Assets.xcassets in Resources */ = {isa = PBXBuildFile; fileRef = 8108421B1D6F54F0000F7545 /* Assets.xcassets */; };
		8108422A1D6F54F0000F7545 /* growTests.m in Sources */ = {isa = PBXBuildFile; fileRef = 810842291D6F54F0000F7545 /* growTests.m */; };
		810842351D6F54F0000F7545 /* growUITests.m in Sources */ = {isa = PBXBuildFile; fileRef = 810842341D6F54F0000F7545 /* growUITests.m */; };
/* End PBXBuildFile section */

/* Begin PBXContainerItemProxy section */
		810842261D6F54F0000F7545 /* PBXContainerItemProxy */ = {
			isa = PBXContainerItemProxy;
			containerPortal = 810842041D6F54F0000F7545 /* Project object */;
			proxyType = 1;
			remoteGlobalIDString = 8108420B1D6F54F0000F7545;
			remoteInfo = grow;
		};
		810842311D6F54F0000F7545 /* PBXContainerItemProxy */ = {
			isa = PBXContainerItemProxy;
			containerPortal = 810842041D6F54F0000F7545 /* Project object */;
			proxyType = 1;
			remoteGlobalIDString = 8108420B1D6F54F0000F7545;
			remoteInfo = grow;
		};
/* End PBXContainerItemProxy section */

/* Begin PBXFileReference section */
		8108420C1D6F54F0000F7545 /* grow.app */ = {isa = PBXFileReference; explicitFileType = wrapper.application; includeInIndex = 0; path = grow.app; sourceTree = BUILT_PRODUCTS_DIR; };
		810842101D6F54F0000F7545 /* main.m */ = {isa = PBXFileReference; lastKnownFileType = sourcecode.c.objc; path = main.m; sourceTree = "<group>"; };
		810842121D6F54F0000F7545 /* AppDelegate.h */ = {isa = PBXFileReference; lastKnownFileType = sourcecode.c.h; path = AppDelegate.h; sourceTree = "<group>"; };
		810842131D6F54F0000F7545 /* AppDelegate.m */ = {isa = PBXFileReference; lastKnownFileType = sourcecode.c.objc; path = AppDelegate.m; sourceTree = "<group>"; };
		810842151D6F54F0000F7545 /* ViewController.h */ = {isa = PBXFileReference; lastKnownFileType = sourcecode.c.h; path = ViewController.h; sourceTree = "<group>"; };
		810842161D6F54F0000F7545 /* ViewController.m */ = {isa = PBXFileReference; lastKnownFileType = sourcecode.c.objc; path = ViewController.m; sourceTree = "<group>"; };
		8108421B1D6F54F0000F7545 /* Assets.xcassets */ = {isa = PBXFileReference; lastKnownFileType = folder.assetcatalog; path = Assets.xcassets; sourceTree = "<group>"; };
		810842201D6F54F0000F7545 /* Info.plist */ = {isa = PBXFileReference; lastKnownFileType = text.plist.xml; path = Info.plist; sourceTree = "<group>"; };
		810842251D6F54F0000F7545 /* growTests.xctest */ = {isa = PBXFileReference; explicitFileType = wrapper.cfbundle; includeInIndex = 0; path = growTests.xctest; sourceTree = BUILT_PRODUCTS_DIR; };
		810842291D6F54F0000F7545 /* growTests.m */ = {isa = PBXFileReference; lastKnownFileType = sourcecode.c.objc; path = growTests.m; sourceTree = "<group>"; };
		8108422B1D6F54F0000F7545 /* Info.plist */ = {isa = PBXFileReference; lastKnownFileType = text.plist.xml; path = Info.plist; sourceTree = "<group>"; };
		810842301D6F54F0000F7545 /* growUITests.xctest */ = {isa = PBXFileReference; explicitFileType = wrapper.cfbundle; includeInIndex = 0; path = growUITests.xctest; sourceTree = BUILT_PRODUCTS_DIR; };
		810842341D6F54F0000F7545 /* growUITests.m */ = {isa = PBXFileReference; lastKnownFileType = sourcecode.c.objc; path = growUITests.m; sourceTree = "<group>"; };
		810842361D6F54F0000F7545 /* Info.plist */ = {isa = PBXFileReference; lastKnownFileType = text.plist.xml; path = Info.plist; sourceTree = "<group>"; };
/* End PBXFileReference section */

/* Begin PBXFrameworksBuildPhase section */
		810842091D6F54F0000F7545 /* Frameworks */ = {
			isa = PBXFrameworksBuildPhase;
			buildActionMask = 2147483647;
			files = (
			);
			runOnlyForDeploymentPostprocessing = 0;
		};
		810842221D6F54F0000F7545 /* Frameworks */ = {
			isa = PBXFrameworksBuildPhase;
			buildActionMask = 2147483647;
			files = (
			);
			runOnlyForDeploymentPostprocessing = 0;
		};
		8108422D1D6F54F0000F7545 /* Frameworks */ = {
			isa = PBXFrameworksBuildPhase;
			buildActionMask = 2147483647;
			files = (
			);
			runOnlyForDeploymentPostprocessing = 0;
		};
/* End PBXFrameworksBuildPhase section */

/* Begin PBXGroup section */
		810842031D6F54F0000F7545 = {
			isa = PBXGroup;
			children = (
				8108420E1D6F54F0000F7545 /* grow */,
				810842281D6F54F0000F7545 /* growTests */,
				810842331D6F54F0000F7545 /* growUITests */,
				8108420D1D6F54F0000F7545 /* Products */,
			);
			sourceTree = "<group>";
		};
		8108420D1D6F54F0000F7545 /* Products */ = {
			isa = PBXGroup;
			children = (
				8108420C1D6F54F0000F7545 /* grow.app */,
				810842251D6F54F0000F7545 /* growTests.xctest */,
				810842301D6F54F0000F7545 /* growUITests.xctest */,
			);
			name = Products;
			sourceTree = "<group>";
		};
		8108420E1D6F54F0000F7545 /* grow */ = {
			isa = PBXGroup;
			children = (
				810842121D6F54F0000F7545 /* AppDelegate.h */,
				810842131D6F54F0000F7545 /* AppDelegate.m */,
				810842151D6F54F0000F7545 /* ViewController.h */,
				810842161D6F54F0000F7545 /* ViewController.m */,
				8108420F1D6F54F0000F7545 /* Supporting Files */,
			);
			path = grow;
			sourceTree = "<group>";
		};
		8108420F1D6F54F0000F7545 /* Supporting Files */ = {
			isa = PBXGroup;
			children = (
				8108421B1D6F54F0000F7545 /* Assets.xcassets */,
				810842201D6F54F0000F7545 /* Info.plist */,
				810842101D6F54F0000F7545 /* main.m */,
			);
			name = "Supporting Files";
			sourceTree = "<group>";
		};
		810842281D6F54F0000F7545 /* growTests */ = {
			isa = PBXGroup;
			children = (
				810842291D6F54F0000F7545 /* growTests.m */,
				8108422B1D6F54F0000F7545 /* Info.plist */,
			);
			path = growTests;
			sourceTree = "<group>";
		};
		810842331D6F54F0000F7545 /* growUITests */ = {
			isa = PBXGroup;
			children = (
				810842341D6F54F0000F7545 /* growUITests.m */,
				810842361D6F54F0000F7545 /* Info.plist */,
			);
			path = growUITests;
			sourceTree = "<group>";
		};
/* End PBXGroup section */

/* Begin PBXNativeTarget section */
		8108420B1D6F54F0000F7545 /* grow */ = {
			isa = PBXNativeTarget;
			buildConfigurationList = 810842391D6F54F0000F7545 /* Build configuration list for PBXNativeTarget "grow" */;
			buildPhases = (
				810842081D6F54F0000F7545 /* Sources */,
				810842091D6F54F0000F7545 /* Frameworks */,
				8108420A1D6F54F0000F7545 /* Resources */,
			);
			buildRules = (
			);
			dependencies = (
			);
			name = grow;
			productName = grow;
			productReference = 8108420C1D6F54F0000F7545 /* grow.app */;
			productType = "com.apple.product-type.application";
		};
		810842241D6F54F0000F7545 /* growTests */ = {
			isa = PBXNativeTarget;
			buildConfigurationList = 8108423C1D6F54F0000F7545 /* Build configuration list for PBXNativeTarget "growTests" */;
			buildPhases = (
				810842211D6F54F0000F7545 /* Sources */,
				810842221D6F54F0000F7545 /* Frameworks */,
				810842231D6F54F0000F7545 /* Resources */,
			);
			buildRules = (
			);
			dependencies = (
				810842271D6F54F0000F7545 /* PBXTargetDependency */,
			);
			name = growTests;
			productName = growTests;
			productReference = 810842251D6F54F0000F7545 /* growTests.xctest */;
			productType = "com.apple.product-type.bundle.unit-test";
		};
		8108422F1D6F54F0000F7545 /* growUITests */ = {
			isa = PBXNativeTarget;
			buildConfigurationList = 8108423F1D6F54F0000F7545 /* Build configuration list for PBXNativeTarget "growUITests" */;
			buildPhases = (
				8108422C1D6F54F0000F7545 /* Sources */,
				8108422D1D6F54F0000F7545 /* Frameworks */,
				8108422E1D6F54F0000F7545 /* Resources */,
			);
			buildRules = (
			);
			dependencies = (
				810842321D6F54F0000F7545 /* PBXTargetDependency */,
			);
			name = growUITests;
			productName = growUITests;
			productReference = 810842301D6F54F0000F7545 /* growUITests.xctest */;
			productType = "com.apple.product-type.bundle.ui-testing";
		};
/* End PBXNativeTarget section */

/* Begin PBXProject section */
		810842041D6F54F0000F7545 /* Project object */ = {
			isa = PBXProject;
			attributes = {
				LastUpgradeCheck = 0730;
				ORGANIZATIONNAME = snow;
				TargetAttributes = {
					8108420B1D6F54F0000F7545 = {
						CreatedOnToolsVersion = 7.3.1;
						DevelopmentTeam = 6Q9L5UX4R6;
					};
					810842241D6F54F0000F7545 = {
						CreatedOnToolsVersion = 7.3.1;
						DevelopmentTeam = 6Q9L5UX4R6;
						TestTargetID = 8108420B1D6F54F0000F7545;
					};
					8108422F1D6F54F0000F7545 = {
						CreatedOnToolsVersion = 7.3.1;
						DevelopmentTeam = 6Q9L5UX4R6;
						TestTargetID = 8108420B1D6F54F0000F7545;
					};
				};
			};
			buildConfigurationList = 810842071D6F54F0000F7545 /* Build configuration list for PBXProject "grow" */;
			compatibilityVersion = "Xcode 3.2";
			developmentRegion = English;
			hasScannedForEncodings = 0;
			knownRegions = (
				en,
				Base,
			);
			mainGroup = 810842031D6F54F0000F7545;
			productRefGroup = 8108420D1D6F54F0000F7545 /* Products */;
			projectDirPath = "";
			projectRoot = "";
			targets = (
				8108420B1D6F54F0000F7545 /* grow */,
				810842241D6F54F0000F7545 /* growTests */,
				8108422F1D6F54F0000F7545 /* growUITests */,
			);
		};
/* End PBXProject section */

/* Begin PBXResourcesBuildPhase section */
		8108420A1D6F54F0000F7545 /* Resources */ = {
			isa = PBXResourcesBuildPhase;
			buildActionMask = 2147483647;
			files = (
				8108421C1D6F54F0000F7545 /* Assets.xcassets in Resources */,
			);
			runOnlyForDeploymentPostprocessing = 0;
		};
		810842231D6F54F0000F7545 /* Resources */ = {
			isa = PBXResourcesBuildPhase;
			buildActionMask = 2147483647;
			files = (
			);
			runOnlyForDeploymentPostprocessing = 0;
		};
		8108422E1D6F54F0000F7545 /* Resources */ = {
			isa = PBXResourcesBuildPhase;
			buildActionMask = 2147483647;
			files = (
			);
			runOnlyForDeploymentPostprocessing = 0;
		};
/* End PBXResourcesBuildPhase section */

/* Begin PBXSourcesBuildPhase section */
		810842081D6F54F0000F7545 /* Sources */ = {
			isa = PBXSourcesBuildPhase;
			buildActionMask = 2147483647;
			files = (
				810842171D6F54F0000F7545 /* ViewController.m in Sources */,
				810842141D6F54F0000F7545 /* AppDelegate.m in Sources */,
				810842111D6F54F0000F7545 /* main.m in Sources */,
			);
			runOnlyForDeploymentPostprocessing = 0;
		};
		810842211D6F54F0000F7545 /* Sources */ = {
			isa = PBXSourcesBuildPhase;
			buildActionMask = 2147483647;
			files = (
				8108422A1D6F54F0000F7545 /* growTests.m in Sources */,
			);
			runOnlyForDeploymentPostprocessing = 0;
		};
		8108422C1D6F54F0000F7545 /* Sources */ = {
			isa = PBXSourcesBuildPhase;
			buildActionMask = 2147483647;
			files = (
				810842351D6F54F0000F7545 /* growUITests.m in Sources */,
			);
			runOnlyForDeploymentPostprocessing = 0;
		};
/* End PBXSourcesBuildPhase section */

/* Begin PBXTargetDependency section */
		810842271D6F54F0000F7545 /* PBXTargetDependency */ = {
			isa = PBXTargetDependency;
			target = 8108420B1D6F54F0000F7545 /* grow */;
			targetProxy = 810842261D6F54F0000F7545 /* PBXContainerItemProxy */;
		};
		810842321D6F54F0000F7545 /* PBXTargetDependency */ = {
			isa = PBXTargetDependency;
			target = 8108420B1D6F54F0000F7545 /* grow */;
			targetProxy = 810842311D6F54F0000F7545 /* PBXContainerItemProxy */;
		};
/* End PBXTargetDependency section */

/* Begin XCBuildConfiguration section */
		810842371D6F54F0000F7545 /* Debug */ = {
			isa = XCBuildConfiguration;
			buildSettings = {
				ALWAYS_SEARCH_USER_PATHS = NO;
				CLANG_ANALYZER_NONNULL = YES;
				CLANG_CXX_LANGUAGE_STANDARD = "gnu++0x";
				CLANG_CXX_LIBRARY = "libc++";
				CLANG_ENABLE_MODULES = YES;
				CLANG_ENABLE_OBJC_ARC = YES;
				CLANG_WARN_BOOL_CONVERSION = YES;
				CLANG_WARN_CONSTANT_CONVERSION = YES;
				CLANG_WARN_DIRECT_OBJC_ISA_USAGE = YES_ERROR;
				CLANG_WARN_EMPTY_BODY = YES;
				CLANG_WARN_ENUM_CONVERSION = YES;
				CLANG_WARN_INT_CONVERSION = YES;
				CLANG_WARN_OBJC_ROOT_CLASS = YES_ERROR;
				CLANG_WARN_UNREACHABLE_CODE = YES;
				CLANG_WARN__DUPLICATE_METHOD_MATCH = YES;
				"CODE_SIGN_IDENTITY[sdk=iphoneos*]" = "iPhone Developer";
				COPY_PHASE_STRIP = NO;
				DEBUG_INFORMATION_FORMAT = dwarf;
				ENABLE_STRICT_OBJC_MSGSEND = YES;
				ENABLE_TESTABILITY = YES;
				GCC_C_LANGUAGE_STANDARD = gnu99;
				GCC_DYNAMIC_NO_PIC = NO;
				GCC_NO_COMMON_BLOCKS = YES;
				GCC_OPTIMIZATION_LEVEL = 0;
				GCC_PREPROCESSOR_DEFINITIONS = (
					"DEBUG=1",
					"$(inherited)",
				);
				GCC_WARN_64_TO_32_BIT_CONVERSION = YES;
				GCC_WARN_ABOUT_RETURN_TYPE = YES_ERROR;
				GCC_WARN_UNDECLARED_SELECTOR = YES;
				GCC_WARN_UNINITIALIZED_AUTOS = YES_AGGRESSIVE;
				GCC_WARN_UNUSED_FUNCTION = YES;
				GCC_WARN_UNUSED_VARIABLE = YES;
				IPHONEOS_DEPLOYMENT_TARGET = 9.3;
				MTL_ENABLE_DEBUG_INFO = YES;
				ONLY_ACTIVE_ARCH = YES;
				SDKROOT = iphoneos;
				TARGETED_DEVICE_FAMILY = "1,2";
			};
			name = Debug;
		};
		810842381D6F54F0000F7545 /* Release */ = {
			isa = XCBuildConfiguration;
			buildSettings = {
				ALWAYS_SEARCH_USER_PATHS = NO;
				CLANG_ANALYZER_NONNULL = YES;
				CLANG_CXX_LANGUAGE_STANDARD = "gnu++0x";
				CLANG_CXX_LIBRARY = "libc++";
				CLANG_ENABLE_MODULES = YES;
				CLANG_ENABLE_OBJC_ARC = YES;
				CLANG_WARN_BOOL_CONVERSION = YES;
				CLANG_WARN_CONSTANT_CONVERSION = YES;
				CLANG_WARN_DIRECT_OBJC_ISA_USAGE = YES_ERROR;
				CLANG_WARN_EMPTY_BODY = YES;
				CLANG_WARN_ENUM_CONVERSION = YES;
				CLANG_WARN_INT_CONVERSION = YES;
				CLANG_WARN_OBJC_ROOT_CLASS = YES_ERROR;
				CLANG_WARN_UNREACHABLE_CODE = YES;
				CLANG_WARN__DUPLICATE_METHOD_MATCH = YES;
				"CODE_SIGN_IDENTITY[sdk=iphoneos*]" = "iPhone Developer";
				COPY_PHASE_STRIP = NO;
				DEBUG_INFORMATION_FORMAT = "dwarf-with-dsym";
				ENABLE_NS_ASSERTIONS = NO;
				ENABLE_STRICT_OBJC_MSGSEND = YES;
				GCC_C_LANGUAGE_STANDARD = gnu99;
				GCC_NO_COMMON_BLOCKS = YES;
				GCC_WARN_64_TO_32_BIT_CONVERSION = YES;
				GCC_WARN_ABOUT_RETURN_TYPE = YES_ERROR;
				GCC_WARN_UNDECLARED_SELECTOR = YES;
				GCC_WARN_UNINITIALIZED_AUTOS = YES_AGGRESSIVE;
				GCC_WARN_UNUSED_FUNCTION = YES;
				GCC_WARN_UNUSED_VARIABLE = YES;
				IPHONEOS_DEPLOYMENT_TARGET = 9.3;
				MTL_ENABLE_DEBUG_INFO = NO;
				SDKROOT = iphoneos;
				TARGETED_DEVICE_FAMILY = "1,2";
				VALIDATE_PRODUCT = YES;
			};
			name = Release;
		};
		8108423A1D6F54F0000F7545 /* Debug */ = {
			isa = XCBuildConfiguration;
			buildSettings = {
				ASSETCATALOG_COMPILER_APPICON_NAME = AppIcon;
				ASSETCATALOG_COMPILER_LAUNCHIMAGE_NAME = LaunchImage;
				INFOPLIST_FILE = grow/Info.plist;
				LD_RUNPATH_SEARCH_PATHS = "$(inherited) @executable_path/Frameworks";
				PRODUCT_BUNDLE_IDENTIFIER = PD.grow;
				PRODUCT_NAME = "$(TARGET_NAME)";
			};
			name = Debug;
		};
		8108423B1D6F54F0000F7545 /* Release */ = {
			isa = XCBuildConfiguration;
			buildSettings = {
				ASSETCATALOG_COMPILER_APPICON_NAME = AppIcon;
				ASSETCATALOG_COMPILER_LAUNCHIMAGE_NAME = LaunchImage;
				INFOPLIST_FILE = grow/Info.plist;
				LD_RUNPATH_SEARCH_PATHS = "$(inherited) @executable_path/Frameworks";
				PRODUCT_BUNDLE_IDENTIFIER = PD.grow;
				PRODUCT_NAME = "$(TARGET_NAME)";
			};
			name = Release;
		};
		8108423D1D6F54F0000F7545 /* Debug */ = {
			isa = XCBuildConfiguration;
			buildSettings = {
				BUNDLE_LOADER = "$(TEST_HOST)";
				INFOPLIST_FILE = growTests/Info.plist;
				LD_RUNPATH_SEARCH_PATHS = "$(inherited) @executable_path/Frameworks @loader_path/Frameworks";
				PRODUCT_BUNDLE_IDENTIFIER = PD.growTests;
				PRODUCT_NAME = "$(TARGET_NAME)";
				TEST_HOST = "$(BUILT_PRODUCTS_DIR)/grow.app/grow";
			};
			name = Debug;
		};
		8108423E1D6F54F0000F7545 /* Release */ = {
			isa = XCBuildConfiguration;
			buildSettings = {
				BUNDLE_LOADER = "$(TEST_HOST)";
				INFOPLIST_FILE = growTests/Info.plist;
				LD_RUNPATH_SEARCH_PATHS = "$(inherited) @executable_path/Frameworks @loader_path/Frameworks";
				PRODUCT_BUNDLE_IDENTIFIER = PD.growTests;
				PRODUCT_NAME = "$(TARGET_NAME)";
				TEST_HOST = "$(BUILT_PRODUCTS_DIR)/grow.app/grow";
			};
			name = Release;
		};
		810842401D6F54F0000F7545 /* Debug */ = {
			isa = XCBuildConfiguration;
			buildSettings = {
				INFOPLIST_FILE = growUITests/Info.plist;
				LD_RUNPATH_SEARCH_PATHS = "$(inherited) @executable_path/Frameworks @loader_path/Frameworks";
				PRODUCT_BUNDLE_IDENTIFIER = PD.growUITests;
				PRODUCT_NAME = "$(TARGET_NAME)";
				TEST_TARGET_NAME = grow;
			};
			name = Debug;
		};
		810842411D6F54F0000F7545 /* Release */ = {
			isa = XCBuildConfiguration;
			buildSettings = {
				INFOPLIST_FILE = growUITests/Info.plist;
				LD_RUNPATH_SEARCH_PATHS = "$(inherited) @executable_path/Frameworks @loader_path/Frameworks";
				PRODUCT_BUNDLE_IDENTIFIER = PD.growUITests;
				PRODUCT_NAME = "$(TARGET_NAME)";
				TEST_TARGET_NAME = grow;
			};
			name = Release;
		};
/* End XCBuildConfiguration section */

/* Begin XCConfigurationList section */
		810842071D6F54F0000F7545 /* Build configuration list for PBXProject "grow" */ = {
			isa = XCConfigurationList;
			buildConfigurations = (
				810842371D6F54F0000F7545 /* Debug */,
				810842381D6F54F0000F7545 /* Release */,
			);
			defaultConfigurationIsVisible = 0;
			defaultConfigurationName = Release;
		};
		810842391D6F54F0000F7545 /* Build configuration list for PBXNativeTarget "grow" */ = {
			isa = XCConfigurationList;
			buildConfigurations = (
				8108423A1D6F54F0000F7545 /* Debug */,
				8108423B1D6F54F0000F7545 /* Release */,
			);
			defaultConfigurationIsVisible = 0;
		};
		8108423C1D6F54F0000F7545 /* Build configuration list for PBXNativeTarget "growTests" */ = {
			isa = XCConfigurationList;
			buildConfigurations = (
				8108423D1D6F54F0000F7545 /* Debug */,
				8108423E1D6F54F0000F7545 /* Release */,
			);
			defaultConfigurationIsVisible = 0;
		};
		8108423F1D6F54F0000F7545 /* Build configuration list for PBXNativeTarget "growUITests" */ = {
			isa = XCConfigurationList;
			buildConfigurations = (
				810842401D6F54F0000F7545 /* Debug */,
				810842411D6F54F0000F7545 /* Release */,
			);
			defaultConfigurationIsVisible = 0;
		};
/* End XCConfigurationList section */
	};
	rootObject = 810842041D6F54F0000F7545 /* Project object */;
}
